
Microsoft Visual Studio Solution File, Format Version 12.00
# Visual Studio Version 17
VisualStudioVersion = 17.14.36811.4 d17.14
MinimumVisualStudioVersion = 10.0.40219.1
Project("{FAE04EC0-301F-11D3-BF4B-00C04F79EFBC}") = "Dizalo", "Dizalo\Dizalo.csproj", "{63776F26-1D80-4C16-9E2A-76CA9BF06F2D}"
EndProject
Project("{FAE04EC0-301F-11D3-BF4B-00C04F79EFBC}") = "Testovi", "Testovi\Testovi.csproj", "{8B72FBFA-1B7A-4AD1-9604-277FF2C88231}"
EndProject
Project("{FAE04EC0-301F-11D3-BF4B-00C04F79EFBC}") = "PokrivenostKodaDSTG", "PokrivenostKodaDSTG\PokrivenostKodaDSTG.csproj", "{3818AF7B-B94E-4AE9-A7D2-6B091E7CFB77}"
EndProject
Global
	GlobalSection(SolutionConfigurationPlatforms) = preSolution
		Debug|Any CPU = Debug|Any CPU
		Release|Any CPU = Release|Any CPU
	EndGlobalSection
	GlobalSection(ProjectConfigurationPlatforms) = postSolution
		{63776F26-1D80-4C16-9E2A-76CA9BF06F2D}.Debug|Any CPU.ActiveCfg = Debug|Any CPU
		{63776F26-1D80-4C16-9E2A-76CA9BF06F2D}.Debug|Any CPU.Build.0 = Debug|Any CPU
		{63776F26-1D80-4C16-9E2A-76CA9BF06F2D}.Release|Any CPU.ActiveCfg = Release|Any CPU
		{63776F26-1D80-4C16-9E2A-76CA9BF06F2D}.Release|Any CPU.Build.0 = Release|Any CPU
		{8B72FBFA-1B7A-4AD1-9604-277FF2C88231}.Debug|Any CPU.ActiveCfg = Debug|Any CPU
		{8B72FBFA-1B7A-4AD1-9604-277FF2C88231}.Debug|Any CPU.Build.0 = Debug|Any CPU
		{8B72FBFA-1B7A-4AD1-9604-277FF2C88231}.Release|Any CPU.ActiveCfg = Release|Any CPU
		{8B72FBFA-1B7A-4AD1-9604-277FF2C88231}.Release|Any CPU.Build.0 = Release|Any CPU
		{3818AF7B-B94E-4AE9-A7D2-6B091E7CFB77}.Debug|Any CPU.ActiveCfg = Debug|Any CPU
		{3818AF7B-B94E-4AE9-A7D2-6B091E7CFB77}.Debug|Any CPU.Build.0 = Debug|Any CPU
		{3818AF7B-B94E-4AE9-A7D2-6B091E7CFB77}.Release|Any CPU.ActiveCfg = Release|Any CPU
		{3818AF7B-B94E-4AE9-A7D2-6B091E7CFB77}.Release|Any CPU.Build.0 = Release|Any CPU
	EndGlobalSection
	GlobalSection(SolutionProperties) = preSolution
		HideSolutionNode = FALSE
	EndGlobalSection
	GlobalSection(ExtensibilityGlobals) = postSolution
		SolutionGuid = {920A3EE4-3B6E-4C8E-ACE5-37791C2BA863}
	EndGlobalSection
EndGlobal
